
Microsoft Visual Studio Solution File, Format Version 12.00
# Visual Studio Version 16
VisualStudioVersion = 16.0.31515.178
MinimumVisualStudioVersion = 10.0.40219.1
Project("{FAE04EC0-301F-11D3-BF4B-00C04F79EFBC}") = "prnt.sc-downloader", "prnt.sc-downloader.csproj", "{6A6E6A7F-8CCE-4305-9208-A178569196C9}"
EndProject
Global
	GlobalSection(SolutionConfigurationPlatforms) = preSolution
		Debug|Any CPU = Debug|Any CPU
		Release|Any CPU = Release|Any CPU
	EndGlobalSection
	GlobalSection(ProjectConfigurationPlatforms) = postSolution
		{6A6E6A7F-8CCE-4305-9208-A178569196C9}.Debug|Any CPU.ActiveCfg = Debug|Any CPU
		{6A6E6A7F-8CCE-4305-9208-A178569196C9}.Debug|Any CPU.Build.0 = Debug|Any CPU
		{6A6E6A7F-8CCE-4305-9208-A178569196C9}.Release|Any CPU.ActiveCfg = Release|Any CPU
		{6A6E6A7F-8CCE-4305-9208-A178569196C9}.Release|Any CPU.Build.0 = Release|Any CPU
	EndGlobalSection
	GlobalSection(SolutionProperties) = preSolution
		HideSolutionNode = FALSE
	EndGlobalSection
	GlobalSection(ExtensibilityGlobals) = postSolution
		SolutionGuid = {6BAAC5CB-2A69-43C1-ACEA-9CFB0E6529C7}
	EndGlobalSection
EndGlobal
